{
  "version": 4,
  "terraform_version": "1.14.6",
  "serial": 9,
  "lineage": "a9a8fbdd-40ed-1357-adc8-e0d51094f41f",
  "outputs": {},
  "resources": [
    {
      "mode": "data",
      "type": "vcfa_kubeconfig",
      "name": "kube_config",
      "provider": "provider[\"registry.terraform.io/vmware/vcfa\"]",
      "instances": [
        {
          "schema_version": 0,
          "attributes": {
            "context_name": "acme:sit-clj4z:acme",
            "host": "https://vcfa-vcf9-vip.corp.internal/proxy/k8s/namespaces/urn:vcloud:namespace:b84e5e32-b105-4adb-9d59-2acf72e81c23",
            "id": "acme:sit-clj4z:acme",
            "insecure_skip_tls_verify": true,
            "kube_config_raw": "{\n  \"kind\": \"Config\",\n  \"apiVersion\": \"v1\",\n  \"preferences\": {},\n  \"clusters\": [\n    {\n      \"name\": \"acme:sit-clj4z@vcfa-vcf9-vip.corp.internal\",\n      \"cluster\": {\n        \"server\": \"https://vcfa-vcf9-vip.corp.internal/proxy/k8s/namespaces/urn:vcloud:namespace:b84e5e32-b105-4adb-9d59-2acf72e81c23\",\n        \"insecure-skip-tls-verify\": true\n      }\n    }\n  ],\n  \"users\": [\n    {\n      \"name\": \"acme:admin@vcfa-vcf9-vip.corp.internal\",\n      \"user\": {\n        \"token\": \"eyJraWQiOiJ1cm46dmNsb3VkOm9wZW5JZFByb3ZpZGVyS2V5OmZlYWQzYzhhLTdiYjUtNGRjNC05NDA5LTA4ZTE4NWU0ZjA5YyIsImFsZyI6IlJTMjU2In0.eyJzdWIiOiI2ZjYwMzViOC1hODczLTQ2OTYtOGJiZS1kYjkyYmJiMzg3MWUiLCJyb2xlcyI6WyJBZG1pbmlzdHJhdG9yIl0sImlzcyI6Imh0dHBzOi8vdmNmYS12Y2Y5LXZpcC5jb3JwLmludGVybmFsL29pZGMiLCJudW1iZXJfb2ZfZ3JvdXBzIjowLCJwcmVmZXJyZWRfdXNlcm5hbWUiOiJhZG1pbiIsImF1ZCI6IjkyMmY0YTEyLTgyYzktNDQ0MC04NDY2LWYxYjFmYWNhMDY3NSIsIm5iZiI6MTc3MzAzMTMyMSwibnVtYmVyX29mX3JvbGVzIjoxLCJvcmdfaWQiOiJmNjE1YTg0Zi0zZTNjLTQzYWQtYTFiYy0yZmU3YTdkZDU0ODciLCJzY29wZSI6WyJ2Y2RfaWRwIiwicGhvbmUiLCJvcGVuaWQiLCJwcm9maWxlIiwiZ3JvdXBzIiwiZW1haWwiXSwib3JnX2Rpc3BsYXlfbmFtZSI6ImFjbWUiLCJuYW1lIjoiYWRtaW4iLCJzaXRlX2lkIjoiZWFmMmMwMzctN2EzNy00MTlhLTgzZTYtYTA0YjNiOTY2ZGM0IiwiZXhwIjoxNzczMDM0OTIxLCJvcmdfbmFtZSI6ImFjbWUiLCJpYXQiOjE3NzMwMzEzMjEsImp0aSI6ImQ3NDVmMzNiLTMwM2UtNDJmOS1hNzg2LTU0YTAwYjNmNWRlNiJ9.H2fY4y7UeSCaNvhtqc9VMO1H9pEduDHRGvlR9NCFnRv84W0F2L42r0xJq-ihcjYlcLJJSRgBleM4AyxhP4aqR5m2oVSH8jcbBvaDlMa0KY-W_CzFqlH2hF6mAmz-8zucI-ymubjU1nCC2PJ1KFBD5iG4-s7___GEiwHkfUYLcRXo-kz2t7bteEnTErZz9nGOtDkk46ah3es6sGNY0jNDA8x86chyyIuyF0sonnpHXB3GhqgT83sXqEfYc7r9b2lZfS7Fh0Hj3x_ou9ddLnZNp3Gp-66Ui4hZ6iJOQZs3oIzSUAmvGbn-Z7JADuBEaUw5xswLq9HFvyYPVNMI9Igllw\"\n      }\n    }\n  ],\n  \"contexts\": [\n    {\n      \"name\": \"acme:sit-clj4z:acme\",\n      \"context\": {\n        \"cluster\": \"acme:sit-clj4z@vcfa-vcf9-vip.corp.internal\",\n        \"user\": \"acme:admin@vcfa-vcf9-vip.corp.internal\",\n        \"namespace\": \"sit-clj4z\"\n      }\n    }\n  ],\n  \"current-context\": \"acme:sit-clj4z:acme\"\n}",
            "project_name": "acme",
            "supervisor_namespace_name": "sit-clj4z",
            "token": "eyJraWQiOiJ1cm46dmNsb3VkOm9wZW5JZFByb3ZpZGVyS2V5OmZlYWQzYzhhLTdiYjUtNGRjNC05NDA5LTA4ZTE4NWU0ZjA5YyIsImFsZyI6IlJTMjU2In0.eyJzdWIiOiI2ZjYwMzViOC1hODczLTQ2OTYtOGJiZS1kYjkyYmJiMzg3MWUiLCJyb2xlcyI6WyJBZG1pbmlzdHJhdG9yIl0sImlzcyI6Imh0dHBzOi8vdmNmYS12Y2Y5LXZpcC5jb3JwLmludGVybmFsL29pZGMiLCJudW1iZXJfb2ZfZ3JvdXBzIjowLCJwcmVmZXJyZWRfdXNlcm5hbWUiOiJhZG1pbiIsImF1ZCI6IjkyMmY0YTEyLTgyYzktNDQ0MC04NDY2LWYxYjFmYWNhMDY3NSIsIm5iZiI6MTc3MzAzMTMyMSwibnVtYmVyX29mX3JvbGVzIjoxLCJvcmdfaWQiOiJmNjE1YTg0Zi0zZTNjLTQzYWQtYTFiYy0yZmU3YTdkZDU0ODciLCJzY29wZSI6WyJ2Y2RfaWRwIiwicGhvbmUiLCJvcGVuaWQiLCJwcm9maWxlIiwiZ3JvdXBzIiwiZW1haWwiXSwib3JnX2Rpc3BsYXlfbmFtZSI6ImFjbWUiLCJuYW1lIjoiYWRtaW4iLCJzaXRlX2lkIjoiZWFmMmMwMzctN2EzNy00MTlhLTgzZTYtYTA0YjNiOTY2ZGM0IiwiZXhwIjoxNzczMDM0OTIxLCJvcmdfbmFtZSI6ImFjbWUiLCJpYXQiOjE3NzMwMzEzMjEsImp0aSI6ImQ3NDVmMzNiLTMwM2UtNDJmOS1hNzg2LTU0YTAwYjNmNWRlNiJ9.H2fY4y7UeSCaNvhtqc9VMO1H9pEduDHRGvlR9NCFnRv84W0F2L42r0xJq-ihcjYlcLJJSRgBleM4AyxhP4aqR5m2oVSH8jcbBvaDlMa0KY-W_CzFqlH2hF6mAmz-8zucI-ymubjU1nCC2PJ1KFBD5iG4-s7___GEiwHkfUYLcRXo-kz2t7bteEnTErZz9nGOtDkk46ah3es6sGNY0jNDA8x86chyyIuyF0sonnpHXB3GhqgT83sXqEfYc7r9b2lZfS7Fh0Hj3x_ou9ddLnZNp3Gp-66Ui4hZ6iJOQZs3oIzSUAmvGbn-Z7JADuBEaUw5xswLq9HFvyYPVNMI9Igllw",
            "user": "acme:admin@vcfa-vcf9-vip.corp.internal"
          },
          "sensitive_attributes": [
            [
              {
                "type": "get_attr",
                "value": "kube_config_raw"
              }
            ],
            [
              {
                "type": "get_attr",
                "value": "token"
              }
            ]
          ],
          "identity_schema_version": 0
        }
      ]
    },
    {
      "mode": "data",
      "type": "vcfa_org",
      "name": "existing",
      "provider": "provider[\"registry.terraform.io/vmware/vcfa\"]",
      "instances": [
        {
          "schema_version": 0,
          "attributes": {
            "can_publish": false,
            "catalog_count": 0,
            "description": "",
            "directly_managed_org_count": 0,
            "disk_count": 0,
            "display_name": "acme",
            "id": "urn:vcloud:org:f615a84f-3e3c-43ad-a1bc-2fe7a7dd5487",
            "is_classic_tenant": false,
            "is_enabled": true,
            "managed_by_id": "",
            "managed_by_name": "",
            "name": "acme",
            "org_region_quota_count": 0,
            "running_vm_count": 0,
            "user_count": 0,
            "vapp_count": 0
          },
          "sensitive_attributes": [],
          "identity_schema_version": 0
        }
      ]
    },
    {
      "mode": "data",
      "type": "vcfa_region",
      "name": "one",
      "provider": "provider[\"registry.terraform.io/vmware/vcfa\"]",
      "instances": [
        {
          "schema_version": 0,
          "attributes": {
            "cpu_capacity_mhz": 100000,
            "cpu_reservation_capacity_mhz": 0,
            "description": "******",
            "id": "urn:vcloud:region:b982fdc4-66f5-4d55-8dd5-3557adff2ae5",
            "memory_capacity_mib": 102400,
            "memory_reservation_capacity_mib": 0,
            "name": "emea",
            "nsx_manager_id": "******",
            "status": "******",
            "storage_policy_names": [],
            "supervisor_ids": []
          },
          "sensitive_attributes": [],
          "identity_schema_version": 0
        }
      ]
    },
    {
      "mode": "data",
      "type": "vcfa_storage_class",
      "name": "sc",
      "provider": "provider[\"registry.terraform.io/vmware/vcfa\"]",
      "instances": [
        {
          "schema_version": 0,
          "attributes": {
            "id": "urn:vcloud:storageClass:5b3f7e17-c89e-4b9d-ae21-b96fa37c0b27",
            "name": "vc-vcf9-mgmt-cl01 vSAN Storage Policy",
            "region_id": "urn:vcloud:region:b982fdc4-66f5-4d55-8dd5-3557adff2ae5",
            "storage_capacity_mib": 2097152,
            "storage_consumed_mib": 100000,
            "zone_ids": [
              "urn:vcloud:zone:ddda8cad-8335-5ce9-8dbb-1e57cb8a9232"
            ]
          },
          "sensitive_attributes": [],
          "identity_schema_version": 0
        }
      ]
    },
    {
      "mode": "managed",
      "type": "kubernetes_manifest",
      "name": "kubernetes_cluster",
      "provider": "provider[\"registry.terraform.io/hashicorp/kubernetes\"]",
      "instances": [
        {
          "status": "tainted",
          "schema_version": 1,
          "attributes": {
            "computed_fields": null,
            "field_manager": [],
            "manifest": {
              "value": {
                "apiVersion": "cluster.x-k8s.io/v1beta1",
                "kind": "Cluster",
                "metadata": {
                  "name": "musicstore",
                  "namespace": "sit-clj4z"
                },
                "spec": {
                  "clusterNetwork": {
                    "pods": {
                      "cidrBlocks": [
                        "192.168.156.0/20"
                      ]
                    },
                    "serviceDomain": "cluster.local",
                    "services": {
                      "cidrBlocks": [
                        "10.96.0.0/12"
                      ]
                    }
                  },
                  "topology": {
                    "class": "builtin-generic-v3.3.0",
                    "controlPlane": {
                      "replicas": 1
                    },
                    "variables": [
                      {
                        "name": "vsphereOptions",
                        "value": {
                          "persistentVolumes": {
                            "availableStorageClasses": [
                              "vc-vcf9-mgmt-cl01-vsan-storage-policy"
                            ],
                            "defaultStorageClass": "vc-vcf9-mgmt-cl01-vsan-storage-policy"
                          }
                        }
                      },
                      {
                        "name": "kubernetes",
                        "value": {
                          "certificateRotation": {
                            "enabled": true,
                            "renewalDaysBeforeExpiry": 90
                          }
                        }
                      },
                      {
                        "name": "vmClass",
                        "value": "best-effort-medium"
                      },
                      {
                        "name": "storageClass",
                        "value": "vc-vcf9-mgmt-cl01-vsan-storage-policy"
                      }
                    ],
                    "version": "v1.32.0+vmware.6-fips",
                    "workers": {
                      "machineDeployments": [
                        {
                          "class": "node-pool",
                          "name": "demo-node-pool",
                          "replicas": 1
                        }
                      ]
                    }
                  }
                }
              },
              "type": [
                "object",
                {
                  "apiVersion": "string",
                  "kind": "string",
                  "metadata": [
                    "object",
                    {
                      "name": "string",
                      "namespace": "string"
                    }
                  ],
                  "spec": [
                    "object",
                    {
                      "clusterNetwork": [
                        "object",
                        {
                          "pods": [
                            "object",
                            {
                              "cidrBlocks": [
                                "tuple",
                                [
                                  "string"
                                ]
                              ]
                            }
                          ],
                          "serviceDomain": "string",
                          "services": [
                            "object",
                            {
                              "cidrBlocks": [
                                "tuple",
                                [
                                  "string"
                                ]
                              ]
                            }
                          ]
                        }
                      ],
                      "topology": [
                        "object",
                        {
                          "class": "string",
                          "controlPlane": [
                            "object",
                            {
                              "replicas": "number"
                            }
                          ],
                          "variables": [
                            "tuple",
                            [
                              [
                                "object",
                                {
                                  "name": "string",
                                  "value": [
                                    "object",
                                    {
                                      "persistentVolumes": [
                                        "object",
                                        {
                                          "availableStorageClasses": [
                                            "tuple",
                                            [
                                              "string"
                                            ]
                                          ],
                                          "defaultStorageClass": "string"
                                        }
                                      ]
                                    }
                                  ]
                                }
                              ],
                              [
                                "object",
                                {
                                  "name": "string",
                                  "value": [
                                    "object",
                                    {
                                      "certificateRotation": [
                                        "object",
                                        {
                                          "enabled": "bool",
                                          "renewalDaysBeforeExpiry": "number"
                                        }
                                      ]
                                    }
                                  ]
                                }
                              ],
                              [
                                "object",
                                {
                                  "name": "string",
                                  "value": "string"
                                }
                              ],
                              [
                                "object",
                                {
                                  "name": "string",
                                  "value": "string"
                                }
                              ]
                            ]
                          ],
                          "version": "string",
                          "workers": [
                            "object",
                            {
                              "machineDeployments": [
                                "tuple",
                                [
                                  [
                                    "object",
                                    {
                                      "class": "string",
                                      "name": "string",
                                      "replicas": "number"
                                    }
                                  ]
                                ]
                              ]
                            }
                          ]
                        }
                      ]
                    }
                  ]
                }
              ]
            },
            "object": {
              "value": {
                "apiVersion": "cluster.x-k8s.io/v1beta1",
                "kind": "Cluster",
                "metadata": {
                  "annotations": {
                    "run.tanzu.vmware.com/pause": ""
                  },
                  "creationTimestamp": null,
                  "deletionGracePeriodSeconds": null,
                  "deletionTimestamp": null,
                  "finalizers": null,
                  "generateName": null,
                  "generation": null,
                  "labels": {
                    "run.tanzu.vmware.com/tkr": "v1.32.0---vmware.6-fips-vkr.2"
                  },
                  "managedFields": null,
                  "name": "musicstore",
                  "namespace": "sit-clj4z",
                  "ownerReferences": null,
                  "resourceVersion": null,
                  "selfLink": null,
                  "uid": null
                },
                "spec": {
                  "availabilityGates": null,
                  "clusterNetwork": {
                    "apiServerPort": null,
                    "pods": {
                      "cidrBlocks": [
                        "192.168.156.0/20"
                      ]
                    },
                    "serviceDomain": "cluster.local",
                    "services": {
                      "cidrBlocks": [
                        "10.96.0.0/12"
                      ]
                    }
                  },
                  "controlPlaneEndpoint": {
                    "host": "",
                    "port": 0
                  },
                  "controlPlaneRef": {
                    "apiVersion": null,
                    "fieldPath": null,
                    "kind": null,
                    "name": null,
                    "namespace": null,
                    "resourceVersion": null,
                    "uid": null
                  },
                  "infrastructureRef": {
                    "apiVersion": null,
                    "fieldPath": null,
                    "kind": null,
                    "name": null,
                    "namespace": null,
                    "resourceVersion": null,
                    "uid": null
                  },
                  "paused": true,
                  "topology": {
                    "class": "builtin-generic-v3.4.0",
                    "classNamespace": "vmware-system-vks-public",
                    "controlPlane": {
                      "machineHealthCheck": {
                        "enable": null,
                        "maxUnhealthy": null,
                        "nodeStartupTimeout": null,
                        "remediationTemplate": {
                          "apiVersion": null,
                          "fieldPath": null,
                          "kind": null,
                          "name": null,
                          "namespace": null,
                          "resourceVersion": null,
                          "uid": null
                        },
                        "unhealthyConditions": null,
                        "unhealthyRange": null
                      },
                      "metadata": {
                        "annotations": null,
                        "labels": null
                      },
                      "nodeDeletionTimeout": null,
                      "nodeDrainTimeout": null,
                      "nodeVolumeDetachTimeout": null,
                      "readinessGates": null,
                      "replicas": 1,
                      "variables": {
                        "overrides": null
                      }
                    },
                    "rolloutAfter": null,
                    "variables": [
                      {
                        "definitionFrom": null,
                        "name": "vsphereOptions",
                        "value": {
                          "persistentVolumes": {
                            "availableStorageClasses": [
                              "vc-vcf9-mgmt-cl01-vsan-storage-policy"
                            ],
                            "defaultStorageClass": "vc-vcf9-mgmt-cl01-vsan-storage-policy"
                          }
                        }
                      },
                      {
                        "definitionFrom": null,
                        "name": "kubernetes",
                        "value": {
                          "certificateRotation": {
                            "enabled": true,
                            "renewalDaysBeforeExpiry": 90
                          }
                        }
                      },
                      {
                        "definitionFrom": null,
                        "name": "vmClass",
                        "value": "best-effort-medium"
                      },
                      {
                        "definitionFrom": null,
                        "name": "storageClass",
                        "value": "vc-vcf9-mgmt-cl01-vsan-storage-policy"
                      }
                    ],
                    "version": "v1.32.0+vmware.6-fips",
                    "workers": {
                      "machineDeployments": [
                        {
                          "class": "node-pool",
                          "failureDomain": null,
                          "machineHealthCheck": {
                            "enable": null,
                            "maxUnhealthy": null,
                            "nodeStartupTimeout": null,
                            "remediationTemplate": {
                              "apiVersion": null,
                              "fieldPath": null,
                              "kind": null,
                              "name": null,
                              "namespace": null,
                              "resourceVersion": null,
                              "uid": null
                            },
                            "unhealthyConditions": null,
                            "unhealthyRange": null
                          },
                          "metadata": {
                            "annotations": null,
                            "labels": null
                          },
                          "minReadySeconds": null,
                          "name": "demo-node-pool",
                          "nodeDeletionTimeout": null,
                          "nodeDrainTimeout": null,
                          "nodeVolumeDetachTimeout": null,
                          "readinessGates": null,
                          "replicas": 1,
                          "strategy": {
                            "remediation": {
                              "maxInFlight": null
                            },
                            "rollingUpdate": {
                              "deletePolicy": null,
                              "maxSurge": null,
                              "maxUnavailable": null
                            },
                            "type": null
                          },
                          "variables": {
                            "overrides": null
                          }
                        }
                      ],
                      "machinePools": null
                    }
                  }
                }
              },
              "type": [
                "object",
                {
                  "apiVersion": "string",
                  "kind": "string",
                  "metadata": [
                    "object",
                    {
                      "annotations": [
                        "map",
                        "string"
                      ],
                      "creationTimestamp": "string",
                      "deletionGracePeriodSeconds": "number",
                      "deletionTimestamp": "string",
                      "finalizers": [
                        "list",
                        "string"
                      ],
                      "generateName": "string",
                      "generation": "number",
                      "labels": [
                        "map",
                        "string"
                      ],
                      "managedFields": [
                        "tuple",
                        [
                          [
                            "object",
                            {
                              "apiVersion": "string",
                              "fieldsType": "string",
                              "fieldsV1": "dynamic",
                              "manager": "string",
                              "operation": "string",
                              "subresource": "string",
                              "time": "string"
                            }
                          ]
                        ]
                      ],
                      "name": "string",
                      "namespace": "string",
                      "ownerReferences": [
                        "list",
                        [
                          "object",
                          {
                            "apiVersion": "string",
                            "blockOwnerDeletion": "bool",
                            "controller": "bool",
                            "kind": "string",
                            "name": "string",
                            "uid": "string"
                          }
                        ]
                      ],
                      "resourceVersion": "string",
                      "selfLink": "string",
                      "uid": "string"
                    }
                  ],
                  "spec": [
                    "object",
                    {
                      "availabilityGates": [
                        "list",
                        [
                          "object",
                          {
                            "conditionType": "string",
                            "polarity": "string"
                          }
                        ]
                      ],
                      "clusterNetwork": [
                        "object",
                        {
                          "apiServerPort": "number",
                          "pods": [
                            "object",
                            {
                              "cidrBlocks": [
                                "list",
                                "string"
                              ]
                            }
                          ],
                          "serviceDomain": "string",
                          "services": [
                            "object",
                            {
                              "cidrBlocks": [
                                "list",
                                "string"
                              ]
                            }
                          ]
                        }
                      ],
                      "controlPlaneEndpoint": [
                        "object",
                        {
                          "host": "string",
                          "port": "number"
                        }
                      ],
                      "controlPlaneRef": [
                        "object",
                        {
                          "apiVersion": "string",
                          "fieldPath": "string",
                          "kind": "string",
                          "name": "string",
                          "namespace": "string",
                          "resourceVersion": "string",
                          "uid": "string"
                        }
                      ],
                      "infrastructureRef": [
                        "object",
                        {
                          "apiVersion": "string",
                          "fieldPath": "string",
                          "kind": "string",
                          "name": "string",
                          "namespace": "string",
                          "resourceVersion": "string",
                          "uid": "string"
                        }
                      ],
                      "paused": "bool",
                      "topology": [
                        "object",
                        {
                          "class": "string",
                          "classNamespace": "string",
                          "controlPlane": [
                            "object",
                            {
                              "machineHealthCheck": [
                                "object",
                                {
                                  "enable": "bool",
                                  "maxUnhealthy": "string",
                                  "nodeStartupTimeout": "string",
                                  "remediationTemplate": [
                                    "object",
                                    {
                                      "apiVersion": "string",
                                      "fieldPath": "string",
                                      "kind": "string",
                                      "name": "string",
                                      "namespace": "string",
                                      "resourceVersion": "string",
                                      "uid": "string"
                                    }
                                  ],
                                  "unhealthyConditions": [
                                    "list",
                                    [
                                      "object",
                                      {
                                        "status": "string",
                                        "timeout": "string",
                                        "type": "string"
                                      }
                                    ]
                                  ],
                                  "unhealthyRange": "string"
                                }
                              ],
                              "metadata": [
                                "object",
                                {
                                  "annotations": [
                                    "map",
                                    "string"
                                  ],
                                  "labels": [
                                    "map",
                                    "string"
                                  ]
                                }
                              ],
                              "nodeDeletionTimeout": "string",
                              "nodeDrainTimeout": "string",
                              "nodeVolumeDetachTimeout": "string",
                              "readinessGates": [
                                "list",
                                [
                                  "object",
                                  {
                                    "conditionType": "string",
                                    "polarity": "string"
                                  }
                                ]
                              ],
                              "replicas": "number",
                              "variables": [
                                "object",
                                {
                                  "overrides": [
                                    "tuple",
                                    [
                                      [
                                        "object",
                                        {
                                          "definitionFrom": "string",
                                          "name": "string",
                                          "value": "dynamic"
                                        }
                                      ]
                                    ]
                                  ]
                                }
                              ]
                            }
                          ],
                          "rolloutAfter": "string",
                          "variables": [
                            "tuple",
                            [
                              [
                                "object",
                                {
                                  "definitionFrom": "string",
                                  "name": "string",
                                  "value": [
                                    "object",
                                    {
                                      "persistentVolumes": [
                                        "object",
                                        {
                                          "availableStorageClasses": [
                                            "tuple",
                                            [
                                              "string"
                                            ]
                                          ],
                                          "defaultStorageClass": "string"
                                        }
                                      ]
                                    }
                                  ]
                                }
                              ],
                              [
                                "object",
                                {
                                  "definitionFrom": "string",
                                  "name": "string",
                                  "value": [
                                    "object",
                                    {
                                      "certificateRotation": [
                                        "object",
                                        {
                                          "enabled": "bool",
                                          "renewalDaysBeforeExpiry": "number"
                                        }
                                      ]
                                    }
                                  ]
                                }
                              ],
                              [
                                "object",
                                {
                                  "definitionFrom": "string",
                                  "name": "string",
                                  "value": "string"
                                }
                              ],
                              [
                                "object",
                                {
                                  "definitionFrom": "string",
                                  "name": "string",
                                  "value": "string"
                                }
                              ]
                            ]
                          ],
                          "version": "string",
                          "workers": [
                            "object",
                            {
                              "machineDeployments": [
                                "tuple",
                                [
                                  [
                                    "object",
                                    {
                                      "class": "string",
                                      "failureDomain": "string",
                                      "machineHealthCheck": [
                                        "object",
                                        {
                                          "enable": "bool",
                                          "maxUnhealthy": "string",
                                          "nodeStartupTimeout": "string",
                                          "remediationTemplate": [
                                            "object",
                                            {
                                              "apiVersion": "string",
                                              "fieldPath": "string",
                                              "kind": "string",
                                              "name": "string",
                                              "namespace": "string",
                                              "resourceVersion": "string",
                                              "uid": "string"
                                            }
                                          ],
                                          "unhealthyConditions": [
                                            "list",
                                            [
                                              "object",
                                              {
                                                "status": "string",
                                                "timeout": "string",
                                                "type": "string"
                                              }
                                            ]
                                          ],
                                          "unhealthyRange": "string"
                                        }
                                      ],
                                      "metadata": [
                                        "object",
                                        {
                                          "annotations": [
                                            "map",
                                            "string"
                                          ],
                                          "labels": [
                                            "map",
                                            "string"
                                          ]
                                        }
                                      ],
                                      "minReadySeconds": "number",
                                      "name": "string",
                                      "nodeDeletionTimeout": "string",
                                      "nodeDrainTimeout": "string",
                                      "nodeVolumeDetachTimeout": "string",
                                      "readinessGates": [
                                        "list",
                                        [
                                          "object",
                                          {
                                            "conditionType": "string",
                                            "polarity": "string"
                                          }
                                        ]
                                      ],
                                      "replicas": "number",
                                      "strategy": [
                                        "object",
                                        {
                                          "remediation": [
                                            "object",
                                            {
                                              "maxInFlight": "string"
                                            }
                                          ],
                                          "rollingUpdate": [
                                            "object",
                                            {
                                              "deletePolicy": "string",
                                              "maxSurge": "string",
                                              "maxUnavailable": "string"
                                            }
                                          ],
                                          "type": "string"
                                        }
                                      ],
                                      "variables": [
                                        "object",
                                        {
                                          "overrides": [
                                            "tuple",
                                            [
                                              [
                                                "object",
                                                {
                                                  "definitionFrom": "string",
                                                  "name": "string",
                                                  "value": "dynamic"
                                                }
                                              ]
                                            ]
                                          ]
                                        }
                                      ]
                                    }
                                  ]
                                ]
                              ],
                              "machinePools": [
                                "tuple",
                                [
                                  [
                                    "object",
                                    {
                                      "class": "string",
                                      "failureDomains": [
                                        "list",
                                        "string"
                                      ],
                                      "metadata": [
                                        "object",
                                        {
                                          "annotations": [
                                            "map",
                                            "string"
                                          ],
                                          "labels": [
                                            "map",
                                            "string"
                                          ]
                                        }
                                      ],
                                      "minReadySeconds": "number",
                                      "name": "string",
                                      "nodeDeletionTimeout": "string",
                                      "nodeDrainTimeout": "string",
                                      "nodeVolumeDetachTimeout": "string",
                                      "replicas": "number",
                                      "variables": [
                                        "object",
                                        {
                                          "overrides": [
                                            "tuple",
                                            [
                                              [
                                                "object",
                                                {
                                                  "definitionFrom": "string",
                                                  "name": "string",
                                                  "value": "dynamic"
                                                }
                                              ]
                                            ]
                                          ]
                                        }
                                      ]
                                    }
                                  ]
                                ]
                              ]
                            }
                          ]
                        }
                      ]
                    }
                  ]
                }
              ]
            },
            "timeouts": [],
            "wait": [],
            "wait_for": null
          },
          "sensitive_attributes": [],
          "identity_schema_version": 1,
          "identity": {
            "api_version": "cluster.x-k8s.io/v1beta1",
            "kind": "Cluster",
            "name": "musicstore",
            "namespace": "sit-clj4z"
          },
          "dependencies": [
            "data.vcfa_kubeconfig.kube_config"
          ]
        }
      ]
    }
  ],
  "check_results": null
}
