{
  "version": 4,
  "terraform_version": "1.13.3",
  "serial": 1,
  "lineage": "083ae43b-2e63-5aee-30f3-5f56f53b9dc5",
  "outputs": {},
  "resources": [
    {
      "mode": "data",
      "type": "vcfa_kubeconfig",
      "name": "kube_config",
      "provider": "provider[\"registry.terraform.io/vmware/vcfa\"]",
      "instances": [
        {
          "schema_version": 0,
          "attributes": {
            "context_name": "acme:sg-engg-x2kb9:acme",
            "host": "https://vcfa.corp.internal/proxy/k8s/namespaces/urn:vcloud:namespace:eebc6e1d-0cc8-49a3-ae00-e45474ba2c08",
            "id": "acme:sg-engg-x2kb9:acme",
            "insecure_skip_tls_verify": true,
            "kube_config_raw": "{\n  \"kind\": \"Config\",\n  \"apiVersion\": \"v1\",\n  \"preferences\": {},\n  \"clusters\": [\n    {\n      \"name\": \"acme:sg-engg-x2kb9@vcfa.corp.internal\",\n      \"cluster\": {\n        \"server\": \"https://vcfa.corp.internal/proxy/k8s/namespaces/urn:vcloud:namespace:eebc6e1d-0cc8-49a3-ae00-e45474ba2c08\",\n        \"insecure-skip-tls-verify\": true\n      }\n    }\n  ],\n  \"users\": [\n    {\n      \"name\": \"acme:admin@vcfa.corp.internal\",\n      \"user\": {\n        \"token\": \"eyJraWQiOiJ1cm46dmNsb3VkOm9wZW5JZFByb3ZpZGVyS2V5OmY0YjQ5OWNmLTIyOTEtNGFiMS05ZWUyLWIxNDc5MzEzYWMwNSIsImFsZyI6IlJTMjU2In0.eyJzdWIiOiIwODRlOTNmNS00MWU1LTRlNDUtOTg1NC01ZDA1YzNhM2UwOWEiLCJyb2xlcyI6WyJPcmdhbml6YXRpb24gQWRtaW5pc3RyYXRvciJdLCJpc3MiOiJodHRwczovL3ZjZmEuY29ycC5pbnRlcm5hbC9vaWRjIiwibnVtYmVyX29mX2dyb3VwcyI6MCwicHJlZmVycmVkX3VzZXJuYW1lIjoiYWRtaW4iLCJhdWQiOiI5MjJmNGExMi04MmM5LTQ0NDAtODQ2Ni1mMWIxZmFjYTA2NzUiLCJuYmYiOjE3NjAzNDM2MzIsIm51bWJlcl9vZl9yb2xlcyI6MSwib3JnX2lkIjoiM2ZlMjVmMTMtZDhkNy00ZmRkLTlhOWQtZTFhODRkYzAwMzFiIiwic2NvcGUiOlsidmNkX2lkcCIsInBob25lIiwib3BlbmlkIiwicHJvZmlsZSIsImdyb3VwcyIsImVtYWlsIl0sIm9yZ19kaXNwbGF5X25hbWUiOiJhY21lIiwibmFtZSI6ImFkbWluIiwic2l0ZV9pZCI6IjNhNTdhM2IxLTE0MmMtNDRlOS04Y2IwLWE2NmQxYmJmYmIxOSIsImV4cCI6MTc2MDM0NzIzMiwib3JnX25hbWUiOiJhY21lIiwiaWF0IjoxNzYwMzQzNjMyLCJqdGkiOiI0Y2E3YTMyNC1mNTUxLTRlNWMtYjE0Ny1kNTg3ZDI5NGYzYzEifQ.FJ1-G9H1o_usMSVbkzG3Ab1z38zfQgjz4MuGTrfWRwncJu9XqyRH4lrhuIj5GJ7-HSvFqvoW5l3LlZ7VV2KgmZXUHLaJfMImKwdmXT8eDjZwez6TG4mXonZP8h8p8rS7R6zBzoJtkCh3EN_qebT4BlLyRK_kF20raX8a4kPXsb03zF1fYEIrxk4v5qVYVxQxw4Imv_rE9AsX5PL8qxEYphLVKgbYSODIZoelctcgHe1v38MJXXK_hZxyELKFNNsW9ccSqBG9vYrn5SLx3OP64vUHmz9hr3g8cmFu42WfuERLYNSBcF6MKQ50rOqDAgzkXvY2kqWQgPZuRXceY5_WwQ\"\n      }\n    }\n  ],\n  \"contexts\": [\n    {\n      \"name\": \"acme:sg-engg-x2kb9:acme\",\n      \"context\": {\n        \"cluster\": \"acme:sg-engg-x2kb9@vcfa.corp.internal\",\n        \"user\": \"acme:admin@vcfa.corp.internal\",\n        \"namespace\": \"sg-engg-x2kb9\"\n      }\n    }\n  ],\n  \"current-context\": \"acme:sg-engg-x2kb9:acme\"\n}",
            "project_name": "acme",
            "supervisor_namespace_name": "sg-engg-x2kb9",
            "token": "eyJraWQiOiJ1cm46dmNsb3VkOm9wZW5JZFByb3ZpZGVyS2V5OmY0YjQ5OWNmLTIyOTEtNGFiMS05ZWUyLWIxNDc5MzEzYWMwNSIsImFsZyI6IlJTMjU2In0.eyJzdWIiOiIwODRlOTNmNS00MWU1LTRlNDUtOTg1NC01ZDA1YzNhM2UwOWEiLCJyb2xlcyI6WyJPcmdhbml6YXRpb24gQWRtaW5pc3RyYXRvciJdLCJpc3MiOiJodHRwczovL3ZjZmEuY29ycC5pbnRlcm5hbC9vaWRjIiwibnVtYmVyX29mX2dyb3VwcyI6MCwicHJlZmVycmVkX3VzZXJuYW1lIjoiYWRtaW4iLCJhdWQiOiI5MjJmNGExMi04MmM5LTQ0NDAtODQ2Ni1mMWIxZmFjYTA2NzUiLCJuYmYiOjE3NjAzNDM2MzIsIm51bWJlcl9vZl9yb2xlcyI6MSwib3JnX2lkIjoiM2ZlMjVmMTMtZDhkNy00ZmRkLTlhOWQtZTFhODRkYzAwMzFiIiwic2NvcGUiOlsidmNkX2lkcCIsInBob25lIiwib3BlbmlkIiwicHJvZmlsZSIsImdyb3VwcyIsImVtYWlsIl0sIm9yZ19kaXNwbGF5X25hbWUiOiJhY21lIiwibmFtZSI6ImFkbWluIiwic2l0ZV9pZCI6IjNhNTdhM2IxLTE0MmMtNDRlOS04Y2IwLWE2NmQxYmJmYmIxOSIsImV4cCI6MTc2MDM0NzIzMiwib3JnX25hbWUiOiJhY21lIiwiaWF0IjoxNzYwMzQzNjMyLCJqdGkiOiI0Y2E3YTMyNC1mNTUxLTRlNWMtYjE0Ny1kNTg3ZDI5NGYzYzEifQ.FJ1-G9H1o_usMSVbkzG3Ab1z38zfQgjz4MuGTrfWRwncJu9XqyRH4lrhuIj5GJ7-HSvFqvoW5l3LlZ7VV2KgmZXUHLaJfMImKwdmXT8eDjZwez6TG4mXonZP8h8p8rS7R6zBzoJtkCh3EN_qebT4BlLyRK_kF20raX8a4kPXsb03zF1fYEIrxk4v5qVYVxQxw4Imv_rE9AsX5PL8qxEYphLVKgbYSODIZoelctcgHe1v38MJXXK_hZxyELKFNNsW9ccSqBG9vYrn5SLx3OP64vUHmz9hr3g8cmFu42WfuERLYNSBcF6MKQ50rOqDAgzkXvY2kqWQgPZuRXceY5_WwQ",
            "user": "acme:admin@vcfa.corp.internal"
          },
          "sensitive_attributes": [
            [
              {
                "type": "get_attr",
                "value": "kube_config_raw"
              }
            ],
            [
              {
                "type": "get_attr",
                "value": "token"
              }
            ]
          ],
          "identity_schema_version": 0
        }
      ]
    },
    {
      "mode": "data",
      "type": "vcfa_org",
      "name": "existing",
      "provider": "provider[\"registry.terraform.io/vmware/vcfa\"]",
      "instances": [
        {
          "schema_version": 0,
          "attributes": {
            "can_publish": false,
            "catalog_count": 0,
            "description": "",
            "directly_managed_org_count": 0,
            "disk_count": 0,
            "display_name": "acme",
            "id": "urn:vcloud:org:3fe25f13-d8d7-4fdd-9a9d-e1a84dc0031b",
            "is_classic_tenant": false,
            "is_enabled": true,
            "managed_by_id": "",
            "managed_by_name": "",
            "name": "acme",
            "org_region_quota_count": 0,
            "running_vm_count": 0,
            "user_count": 0,
            "vapp_count": 0
          },
          "sensitive_attributes": [],
          "identity_schema_version": 0
        }
      ]
    },
    {
      "mode": "data",
      "type": "vcfa_region",
      "name": "one",
      "provider": "provider[\"registry.terraform.io/vmware/vcfa\"]",
      "instances": [
        {
          "schema_version": 0,
          "attributes": {
            "cpu_capacity_mhz": 100000,
            "cpu_reservation_capacity_mhz": 100000,
            "description": "******",
            "id": "urn:vcloud:region:73d1b670-524a-46f0-8d6f-52bd344ea3b4",
            "memory_capacity_mib": 102400,
            "memory_reservation_capacity_mib": 102400,
            "name": "emea",
            "nsx_manager_id": "******",
            "status": "******",
            "storage_policy_names": [],
            "supervisor_ids": []
          },
          "sensitive_attributes": [],
          "identity_schema_version": 0
        }
      ]
    },
    {
      "mode": "data",
      "type": "vcfa_storage_class",
      "name": "sc",
      "provider": "provider[\"registry.terraform.io/vmware/vcfa\"]",
      "instances": [
        {
          "schema_version": 0,
          "attributes": {
            "id": "urn:vcloud:storageClass:32bf7876-9890-4233-9b30-5ca88d9cbda1",
            "name": "vc-01c-cl01 vSAN Storage Policy",
            "region_id": "urn:vcloud:region:73d1b670-524a-46f0-8d6f-52bd344ea3b4",
            "storage_capacity_mib": 102400,
            "storage_consumed_mib": 90000,
            "zone_ids": [
              "urn:vcloud:zone:eed2d4e8-c740-57a3-b700-e0f326650cbd"
            ]
          },
          "sensitive_attributes": [],
          "identity_schema_version": 0
        }
      ]
    },
    {
      "mode": "managed",
      "type": "kubernetes_manifest",
      "name": "kubernetes_cluster",
      "provider": "provider[\"registry.terraform.io/hashicorp/kubernetes\"]",
      "instances": [
        {
          "schema_version": 1,
          "attributes": {
            "computed_fields": null,
            "field_manager": [],
            "manifest": {
              "value": {
                "apiVersion": "cluster.x-k8s.io/v1beta1",
                "kind": "Cluster",
                "metadata": {
                  "name": "production",
                  "namespace": "sg-engg-x2kb9"
                },
                "spec": {
                  "clusterNetwork": {
                    "pods": {
                      "cidrBlocks": [
                        "192.168.156.0/20"
                      ]
                    },
                    "serviceDomain": "cluster.local",
                    "services": {
                      "cidrBlocks": [
                        "10.96.0.0/12"
                      ]
                    }
                  },
                  "topology": {
                    "class": "builtin-generic-v3.3.0",
                    "controlPlane": {
                      "replicas": 1
                    },
                    "variables": [
                      {
                        "name": "vsphereOptions",
                        "value": {
                          "persistentVolumes": {
                            "availableStorageClasses": [
                              "vc-01c-cl01-vsan-storage-policy"
                            ],
                            "defaultStorageClass": "vc-01c-cl01-vsan-storage-policy"
                          }
                        }
                      },
                      {
                        "name": "kubernetes",
                        "value": {
                          "certificateRotation": {
                            "enabled": true,
                            "renewalDaysBeforeExpiry": 90
                          }
                        }
                      },
                      {
                        "name": "vmClass",
                        "value": "best-effort-large"
                      },
                      {
                        "name": "storageClass",
                        "value": "vc-01c-cl01-vsan-storage-policy"
                      }
                    ],
                    "version": "v1.32.0+vmware.6-fips",
                    "workers": {
                      "machineDeployments": [
                        {
                          "class": "node-pool",
                          "name": "demo-node-pool",
                          "replicas": 1
                        }
                      ]
                    }
                  }
                }
              },
              "type": [
                "object",
                {
                  "apiVersion": "string",
                  "kind": "string",
                  "metadata": [
                    "object",
                    {
                      "name": "string",
                      "namespace": "string"
                    }
                  ],
                  "spec": [
                    "object",
                    {
                      "clusterNetwork": [
                        "object",
                        {
                          "pods": [
                            "object",
                            {
                              "cidrBlocks": [
                                "tuple",
                                [
                                  "string"
                                ]
                              ]
                            }
                          ],
                          "serviceDomain": "string",
                          "services": [
                            "object",
                            {
                              "cidrBlocks": [
                                "tuple",
                                [
                                  "string"
                                ]
                              ]
                            }
                          ]
                        }
                      ],
                      "topology": [
                        "object",
                        {
                          "class": "string",
                          "controlPlane": [
                            "object",
                            {
                              "replicas": "number"
                            }
                          ],
                          "variables": [
                            "tuple",
                            [
                              [
                                "object",
                                {
                                  "name": "string",
                                  "value": [
                                    "object",
                                    {
                                      "persistentVolumes": [
                                        "object",
                                        {
                                          "availableStorageClasses": [
                                            "tuple",
                                            [
                                              "string"
                                            ]
                                          ],
                                          "defaultStorageClass": "string"
                                        }
                                      ]
                                    }
                                  ]
                                }
                              ],
                              [
                                "object",
                                {
                                  "name": "string",
                                  "value": [
                                    "object",
                                    {
                                      "certificateRotation": [
                                        "object",
                                        {
                                          "enabled": "bool",
                                          "renewalDaysBeforeExpiry": "number"
                                        }
                                      ]
                                    }
                                  ]
                                }
                              ],
                              [
                                "object",
                                {
                                  "name": "string",
                                  "value": "string"
                                }
                              ],
                              [
                                "object",
                                {
                                  "name": "string",
                                  "value": "string"
                                }
                              ]
                            ]
                          ],
                          "version": "string",
                          "workers": [
                            "object",
                            {
                              "machineDeployments": [
                                "tuple",
                                [
                                  [
                                    "object",
                                    {
                                      "class": "string",
                                      "name": "string",
                                      "replicas": "number"
                                    }
                                  ]
                                ]
                              ]
                            }
                          ]
                        }
                      ]
                    }
                  ]
                }
              ]
            },
            "object": {
              "value": {
                "apiVersion": "cluster.x-k8s.io/v1beta1",
                "kind": "Cluster",
                "metadata": {
                  "annotations": {
                    "run.tanzu.vmware.com/pause": ""
                  },
                  "creationTimestamp": null,
                  "deletionGracePeriodSeconds": null,
                  "deletionTimestamp": null,
                  "finalizers": null,
                  "generateName": null,
                  "generation": null,
                  "labels": {
                    "run.tanzu.vmware.com/tkr": "v1.32.0---vmware.6-fips-vkr.2"
                  },
                  "managedFields": null,
                  "name": "production",
                  "namespace": "sg-engg-x2kb9",
                  "ownerReferences": null,
                  "resourceVersion": null,
                  "selfLink": null,
                  "uid": null
                },
                "spec": {
                  "availabilityGates": null,
                  "clusterNetwork": {
                    "apiServerPort": null,
                    "pods": {
                      "cidrBlocks": [
                        "192.168.156.0/20"
                      ]
                    },
                    "serviceDomain": "cluster.local",
                    "services": {
                      "cidrBlocks": [
                        "10.96.0.0/12"
                      ]
                    }
                  },
                  "controlPlaneEndpoint": {
                    "host": "",
                    "port": 0
                  },
                  "controlPlaneRef": {
                    "apiVersion": null,
                    "fieldPath": null,
                    "kind": null,
                    "name": null,
                    "namespace": null,
                    "resourceVersion": null,
                    "uid": null
                  },
                  "infrastructureRef": {
                    "apiVersion": null,
                    "fieldPath": null,
                    "kind": null,
                    "name": null,
                    "namespace": null,
                    "resourceVersion": null,
                    "uid": null
                  },
                  "paused": true,
                  "topology": {
                    "class": "builtin-generic-v3.3.0",
                    "controlPlane": {
                      "machineHealthCheck": {
                        "enable": null,
                        "maxUnhealthy": null,
                        "nodeStartupTimeout": null,
                        "remediationTemplate": {
                          "apiVersion": null,
                          "fieldPath": null,
                          "kind": null,
                          "name": null,
                          "namespace": null,
                          "resourceVersion": null,
                          "uid": null
                        },
                        "unhealthyConditions": null,
                        "unhealthyRange": null
                      },
                      "metadata": {
                        "annotations": null,
                        "labels": null
                      },
                      "nodeDeletionTimeout": null,
                      "nodeDrainTimeout": null,
                      "nodeVolumeDetachTimeout": null,
                      "replicas": 1,
                      "variables": {
                        "overrides": null
                      }
                    },
                    "rolloutAfter": null,
                    "variables": [
                      {
                        "definitionFrom": null,
                        "name": "vsphereOptions",
                        "value": {
                          "persistentVolumes": {
                            "availableStorageClasses": [
                              "vc-01c-cl01-vsan-storage-policy"
                            ],
                            "defaultStorageClass": "vc-01c-cl01-vsan-storage-policy"
                          }
                        }
                      },
                      {
                        "definitionFrom": null,
                        "name": "kubernetes",
                        "value": {
                          "certificateRotation": {
                            "enabled": true,
                            "renewalDaysBeforeExpiry": 90
                          }
                        }
                      },
                      {
                        "definitionFrom": null,
                        "name": "vmClass",
                        "value": "best-effort-large"
                      },
                      {
                        "definitionFrom": null,
                        "name": "storageClass",
                        "value": "vc-01c-cl01-vsan-storage-policy"
                      }
                    ],
                    "version": "v1.32.0+vmware.6-fips",
                    "workers": {
                      "machineDeployments": [
                        {
                          "class": "node-pool",
                          "failureDomain": null,
                          "machineHealthCheck": {
                            "enable": null,
                            "maxUnhealthy": null,
                            "nodeStartupTimeout": null,
                            "remediationTemplate": {
                              "apiVersion": null,
                              "fieldPath": null,
                              "kind": null,
                              "name": null,
                              "namespace": null,
                              "resourceVersion": null,
                              "uid": null
                            },
                            "unhealthyConditions": null,
                            "unhealthyRange": null
                          },
                          "metadata": {
                            "annotations": null,
                            "labels": null
                          },
                          "minReadySeconds": null,
                          "name": "demo-node-pool",
                          "nodeDeletionTimeout": null,
                          "nodeDrainTimeout": null,
                          "nodeVolumeDetachTimeout": null,
                          "replicas": 1,
                          "strategy": {
                            "remediation": {
                              "maxInFlight": null
                            },
                            "rollingUpdate": {
                              "deletePolicy": null,
                              "maxSurge": null,
                              "maxUnavailable": null
                            },
                            "type": null
                          },
                          "variables": {
                            "overrides": null
                          }
                        }
                      ],
                      "machinePools": null
                    }
                  }
                }
              },
              "type": [
                "object",
                {
                  "apiVersion": "string",
                  "kind": "string",
                  "metadata": [
                    "object",
                    {
                      "annotations": [
                        "map",
                        "string"
                      ],
                      "creationTimestamp": "string",
                      "deletionGracePeriodSeconds": "number",
                      "deletionTimestamp": "string",
                      "finalizers": [
                        "list",
                        "string"
                      ],
                      "generateName": "string",
                      "generation": "number",
                      "labels": [
                        "map",
                        "string"
                      ],
                      "managedFields": [
                        "tuple",
                        [
                          [
                            "object",
                            {
                              "apiVersion": "string",
                              "fieldsType": "string",
                              "fieldsV1": "dynamic",
                              "manager": "string",
                              "operation": "string",
                              "subresource": "string",
                              "time": "string"
                            }
                          ]
                        ]
                      ],
                      "name": "string",
                      "namespace": "string",
                      "ownerReferences": [
                        "list",
                        [
                          "object",
                          {
                            "apiVersion": "string",
                            "blockOwnerDeletion": "bool",
                            "controller": "bool",
                            "kind": "string",
                            "name": "string",
                            "uid": "string"
                          }
                        ]
                      ],
                      "resourceVersion": "string",
                      "selfLink": "string",
                      "uid": "string"
                    }
                  ],
                  "spec": [
                    "object",
                    {
                      "availabilityGates": [
                        "list",
                        [
                          "object",
                          {
                            "conditionType": "string"
                          }
                        ]
                      ],
                      "clusterNetwork": [
                        "object",
                        {
                          "apiServerPort": "number",
                          "pods": [
                            "object",
                            {
                              "cidrBlocks": [
                                "list",
                                "string"
                              ]
                            }
                          ],
                          "serviceDomain": "string",
                          "services": [
                            "object",
                            {
                              "cidrBlocks": [
                                "list",
                                "string"
                              ]
                            }
                          ]
                        }
                      ],
                      "controlPlaneEndpoint": [
                        "object",
                        {
                          "host": "string",
                          "port": "number"
                        }
                      ],
                      "controlPlaneRef": [
                        "object",
                        {
                          "apiVersion": "string",
                          "fieldPath": "string",
                          "kind": "string",
                          "name": "string",
                          "namespace": "string",
                          "resourceVersion": "string",
                          "uid": "string"
                        }
                      ],
                      "infrastructureRef": [
                        "object",
                        {
                          "apiVersion": "string",
                          "fieldPath": "string",
                          "kind": "string",
                          "name": "string",
                          "namespace": "string",
                          "resourceVersion": "string",
                          "uid": "string"
                        }
                      ],
                      "paused": "bool",
                      "topology": [
                        "object",
                        {
                          "class": "string",
                          "controlPlane": [
                            "object",
                            {
                              "machineHealthCheck": [
                                "object",
                                {
                                  "enable": "bool",
                                  "maxUnhealthy": "string",
                                  "nodeStartupTimeout": "string",
                                  "remediationTemplate": [
                                    "object",
                                    {
                                      "apiVersion": "string",
                                      "fieldPath": "string",
                                      "kind": "string",
                                      "name": "string",
                                      "namespace": "string",
                                      "resourceVersion": "string",
                                      "uid": "string"
                                    }
                                  ],
                                  "unhealthyConditions": [
                                    "list",
                                    [
                                      "object",
                                      {
                                        "status": "string",
                                        "timeout": "string",
                                        "type": "string"
                                      }
                                    ]
                                  ],
                                  "unhealthyRange": "string"
                                }
                              ],
                              "metadata": [
                                "object",
                                {
                                  "annotations": [
                                    "map",
                                    "string"
                                  ],
                                  "labels": [
                                    "map",
                                    "string"
                                  ]
                                }
                              ],
                              "nodeDeletionTimeout": "string",
                              "nodeDrainTimeout": "string",
                              "nodeVolumeDetachTimeout": "string",
                              "replicas": "number",
                              "variables": [
                                "object",
                                {
                                  "overrides": [
                                    "tuple",
                                    [
                                      [
                                        "object",
                                        {
                                          "definitionFrom": "string",
                                          "name": "string",
                                          "value": "dynamic"
                                        }
                                      ]
                                    ]
                                  ]
                                }
                              ]
                            }
                          ],
                          "rolloutAfter": "string",
                          "variables": [
                            "tuple",
                            [
                              [
                                "object",
                                {
                                  "definitionFrom": "string",
                                  "name": "string",
                                  "value": [
                                    "object",
                                    {
                                      "persistentVolumes": [
                                        "object",
                                        {
                                          "availableStorageClasses": [
                                            "tuple",
                                            [
                                              "string"
                                            ]
                                          ],
                                          "defaultStorageClass": "string"
                                        }
                                      ]
                                    }
                                  ]
                                }
                              ],
                              [
                                "object",
                                {
                                  "definitionFrom": "string",
                                  "name": "string",
                                  "value": [
                                    "object",
                                    {
                                      "certificateRotation": [
                                        "object",
                                        {
                                          "enabled": "bool",
                                          "renewalDaysBeforeExpiry": "number"
                                        }
                                      ]
                                    }
                                  ]
                                }
                              ],
                              [
                                "object",
                                {
                                  "definitionFrom": "string",
                                  "name": "string",
                                  "value": "string"
                                }
                              ],
                              [
                                "object",
                                {
                                  "definitionFrom": "string",
                                  "name": "string",
                                  "value": "string"
                                }
                              ]
                            ]
                          ],
                          "version": "string",
                          "workers": [
                            "object",
                            {
                              "machineDeployments": [
                                "tuple",
                                [
                                  [
                                    "object",
                                    {
                                      "class": "string",
                                      "failureDomain": "string",
                                      "machineHealthCheck": [
                                        "object",
                                        {
                                          "enable": "bool",
                                          "maxUnhealthy": "string",
                                          "nodeStartupTimeout": "string",
                                          "remediationTemplate": [
                                            "object",
                                            {
                                              "apiVersion": "string",
                                              "fieldPath": "string",
                                              "kind": "string",
                                              "name": "string",
                                              "namespace": "string",
                                              "resourceVersion": "string",
                                              "uid": "string"
                                            }
                                          ],
                                          "unhealthyConditions": [
                                            "list",
                                            [
                                              "object",
                                              {
                                                "status": "string",
                                                "timeout": "string",
                                                "type": "string"
                                              }
                                            ]
                                          ],
                                          "unhealthyRange": "string"
                                        }
                                      ],
                                      "metadata": [
                                        "object",
                                        {
                                          "annotations": [
                                            "map",
                                            "string"
                                          ],
                                          "labels": [
                                            "map",
                                            "string"
                                          ]
                                        }
                                      ],
                                      "minReadySeconds": "number",
                                      "name": "string",
                                      "nodeDeletionTimeout": "string",
                                      "nodeDrainTimeout": "string",
                                      "nodeVolumeDetachTimeout": "string",
                                      "replicas": "number",
                                      "strategy": [
                                        "object",
                                        {
                                          "remediation": [
                                            "object",
                                            {
                                              "maxInFlight": "string"
                                            }
                                          ],
                                          "rollingUpdate": [
                                            "object",
                                            {
                                              "deletePolicy": "string",
                                              "maxSurge": "string",
                                              "maxUnavailable": "string"
                                            }
                                          ],
                                          "type": "string"
                                        }
                                      ],
                                      "variables": [
                                        "object",
                                        {
                                          "overrides": [
                                            "tuple",
                                            [
                                              [
                                                "object",
                                                {
                                                  "definitionFrom": "string",
                                                  "name": "string",
                                                  "value": "dynamic"
                                                }
                                              ]
                                            ]
                                          ]
                                        }
                                      ]
                                    }
                                  ]
                                ]
                              ],
                              "machinePools": [
                                "tuple",
                                [
                                  [
                                    "object",
                                    {
                                      "class": "string",
                                      "failureDomains": [
                                        "list",
                                        "string"
                                      ],
                                      "metadata": [
                                        "object",
                                        {
                                          "annotations": [
                                            "map",
                                            "string"
                                          ],
                                          "labels": [
                                            "map",
                                            "string"
                                          ]
                                        }
                                      ],
                                      "minReadySeconds": "number",
                                      "name": "string",
                                      "nodeDeletionTimeout": "string",
                                      "nodeDrainTimeout": "string",
                                      "nodeVolumeDetachTimeout": "string",
                                      "replicas": "number",
                                      "variables": [
                                        "object",
                                        {
                                          "overrides": [
                                            "tuple",
                                            [
                                              [
                                                "object",
                                                {
                                                  "definitionFrom": "string",
                                                  "name": "string",
                                                  "value": "dynamic"
                                                }
                                              ]
                                            ]
                                          ]
                                        }
                                      ]
                                    }
                                  ]
                                ]
                              ]
                            }
                          ]
                        }
                      ]
                    }
                  ]
                }
              ]
            },
            "timeouts": [],
            "wait": [],
            "wait_for": null
          },
          "sensitive_attributes": [],
          "identity_schema_version": 1,
          "identity": {
            "api_version": "cluster.x-k8s.io/v1beta1",
            "kind": "Cluster",
            "name": "production",
            "namespace": "sg-engg-x2kb9"
          },
          "dependencies": [
            "data.vcfa_kubeconfig.kube_config"
          ]
        }
      ]
    }
  ],
  "check_results": null
}
